
Microsoft Visual Studio Solution File, Format Version 12.00
# Visual Studio Version 17
VisualStudioVersion = 17.12.35209.166
MinimumVisualStudioVersion = 10.0.40219.1
Project("{FAE04EC0-301F-11D3-BF4B-00C04F79EFBC}") = "BlazorApp2", "BlazorApp2\BlazorApp2.csproj", "{B4CCFCEE-A30C-4494-B725-0A9DB296BEB8}"
EndProject
Project("{FAE04EC0-301F-11D3-BF4B-00C04F79EFBC}") = "BlazorApp2.Client", "BlazorApp2.Client\BlazorApp2.Client.csproj", "{00EFC373-3E33-402A-8590-7AF29C83355B}"
EndProject
Global
	GlobalSection(SolutionConfigurationPlatforms) = preSolution
		Debug|Any CPU = Debug|Any CPU
		Release|Any CPU = Release|Any CPU
	EndGlobalSection
	GlobalSection(ProjectConfigurationPlatforms) = postSolution
		{B4CCFCEE-A30C-4494-B725-0A9DB296BEB8}.Debug|Any CPU.ActiveCfg = Debug|Any CPU
		{B4CCFCEE-A30C-4494-B725-0A9DB296BEB8}.Debug|Any CPU.Build.0 = Debug|Any CPU
		{B4CCFCEE-A30C-4494-B725-0A9DB296BEB8}.Release|Any CPU.ActiveCfg = Release|Any CPU
		{B4CCFCEE-A30C-4494-B725-0A9DB296BEB8}.Release|Any CPU.Build.0 = Release|Any CPU
		{00EFC373-3E33-402A-8590-7AF29C83355B}.Debug|Any CPU.ActiveCfg = Debug|Any CPU
		{00EFC373-3E33-402A-8590-7AF29C83355B}.Debug|Any CPU.Build.0 = Debug|Any CPU
		{00EFC373-3E33-402A-8590-7AF29C83355B}.Release|Any CPU.ActiveCfg = Release|Any CPU
		{00EFC373-3E33-402A-8590-7AF29C83355B}.Release|Any CPU.Build.0 = Release|Any CPU
	EndGlobalSection
	GlobalSection(SolutionProperties) = preSolution
		HideSolutionNode = FALSE
	EndGlobalSection
	GlobalSection(ExtensibilityGlobals) = postSolution
		SolutionGuid = {C57F234B-63D6-4AC2-8E77-67ACAA4A0976}
	EndGlobalSection
EndGlobal
